// !$*UTF8*$!
{
	archiveVersion = 1;
	classes = {
	};
	objectVersion = 46;
	objects = {

/* Begin PBXBuildFile section */
		341A3A4214EDA84500870F39 /* Foundation.framework in Frameworks */ = {isa = PBXBuildFile; fileRef = 341A3A4114EDA84500870F39 /* Foundation.framework */; };
		341A3A4414EDA84500870F39 /* UIKit.framework in Frameworks */ = {isa = PBXBuildFile; fileRef = 341A3A4314EDA84500870F39 /* UIKit.framework */; };
		341A3A4614EDA84500870F39 /* CoreGraphics.framework in Frameworks */ = {isa = PBXBuildFile; fileRef = 341A3A4514EDA84500870F39 /* CoreGraphics.framework */; };
		341A3A4814EDA84500870F39 /* AddressBook.framework in Frameworks */ = {isa = PBXBuildFile; fileRef = 341A3A4714EDA84500870F39 /* AddressBook.framework */; };
		341A3A4A14EDA84500870F39 /* AddressBookUI.framework in Frameworks */ = {isa = PBXBuildFile; fileRef = 341A3A4914EDA84500870F39 /* AddressBookUI.framework */; };
		341A3A4C14EDA84500870F39 /* AudioToolbox.framework in Frameworks */ = {isa = PBXBuildFile; fileRef = 341A3A4B14EDA84500870F39 /* AudioToolbox.framework */; };
		341A3A4E14EDA84500870F39 /* AVFoundation.framework in Frameworks */ = {isa = PBXBuildFile; fileRef = 341A3A4D14EDA84500870F39 /* AVFoundation.framework */; };
		341A3A5014EDA84500870F39 /* CoreLocation.framework in Frameworks */ = {isa = PBXBuildFile; fileRef = 341A3A4F14EDA84500870F39 /* CoreLocation.framework */; };
		341A3A5214EDA84500870F39 /* MediaPlayer.framework in Frameworks */ = {isa = PBXBuildFile; fileRef = 341A3A5114EDA84500870F39 /* MediaPlayer.framework */; };
		341A3A5414EDA84500870F39 /* QuartzCore.framework in Frameworks */ = {isa = PBXBuildFile; fileRef = 341A3A5314EDA84500870F39 /* QuartzCore.framework */; };
		341A3A5614EDA84500870F39 /* SystemConfiguration.framework in Frameworks */ = {isa = PBXBuildFile; fileRef = 341A3A5514EDA84500870F39 /* SystemConfiguration.framework */; };
		341A3A5814EDA84500870F39 /* MobileCoreServices.framework in Frameworks */ = {isa = PBXBuildFile; fileRef = 341A3A5714EDA84500870F39 /* MobileCoreServices.framework */; };
		341A3A5A14EDA84500870F39 /* CoreMedia.framework in Frameworks */ = {isa = PBXBuildFile; fileRef = 341A3A5914EDA84500870F39 /* CoreMedia.framework */; };
		341A3A6014EDA84500870F39 /* InfoPlist.strings in Resources */ = {isa = PBXBuildFile; fileRef = 341A3A5E14EDA84500870F39 /* InfoPlist.strings */; };
		341A3A6214EDA84500870F39 /* main.m in Sources */ = {isa = PBXBuildFile; fileRef = 341A3A6114EDA84500870F39 /* main.m */; };
		341A3A6514EDA84500870F39 /* PhoneGap.framework in Frameworks */ = {isa = PBXBuildFile; fileRef = 341A3A6414EDA84500870F39 /* PhoneGap.framework */; };
		341A3A6A14EDA84500870F39 /* Localizable.strings in Resources */ = {isa = PBXBuildFile; fileRef = 341A3A6814EDA84500870F39 /* Localizable.strings */; };
		341A3A6E14EDA84500870F39 /* Localizable.strings in Resources */ = {isa = PBXBuildFile; fileRef = 341A3A6C14EDA84500870F39 /* Localizable.strings */; };
		341A3A7114EDA84500870F39 /* icon.png in Resources */ = {isa = PBXBuildFile; fileRef = 341A3A7014EDA84500870F39 /* icon.png */; };
		341A3A7314EDA84500870F39 /* icon@2x.png in Resources */ = {isa = PBXBuildFile; fileRef = 341A3A7214EDA84500870F39 /* icon@2x.png */; };
		341A3A7514EDA84500870F39 /* icon-72.png in Resources */ = {isa = PBXBuildFile; fileRef = 341A3A7414EDA84500870F39 /* icon-72.png */; };
		341A3A7814EDA84500870F39 /* Default.png in Resources */ = {isa = PBXBuildFile; fileRef = 341A3A7714EDA84500870F39 /* Default.png */; };
		341A3A7A14EDA84500870F39 /* Default@2x.png in Resources */ = {isa = PBXBuildFile; fileRef = 341A3A7914EDA84500870F39 /* Default@2x.png */; };
		341A3A7C14EDA84500870F39 /* Capture.bundle in Resources */ = {isa = PBXBuildFile; fileRef = 341A3A7B14EDA84500870F39 /* Capture.bundle */; };
		341A3A7E14EDA84500870F39 /* PhoneGap.plist in Resources */ = {isa = PBXBuildFile; fileRef = 341A3A7D14EDA84500870F39 /* PhoneGap.plist */; };
		341A3A8214EDA84500870F39 /* AppDelegate.m in Sources */ = {isa = PBXBuildFile; fileRef = 341A3A8114EDA84500870F39 /* AppDelegate.m */; };
		341A3A8514EDA84500870F39 /* MainViewController.m in Sources */ = {isa = PBXBuildFile; fileRef = 341A3A8414EDA84500870F39 /* MainViewController.m */; };
		341A3A8714EDA84500870F39 /* MainViewController.xib in Resources */ = {isa = PBXBuildFile; fileRef = 341A3A8614EDA84500870F39 /* MainViewController.xib */; };
		341A3A9014EDA85800870F39 /* www in Resources */ = {isa = PBXBuildFile; fileRef = 341A3A8F14EDA85800870F39 /* www */; };
/* End PBXBuildFile section */

/* Begin PBXFileReference section */
		341A3A3D14EDA84500870F39 /* PhoneGapFoo-Contacts.app */ = {isa = PBXFileReference; explicitFileType = wrapper.application; includeInIndex = 0; path = "PhoneGapFoo-Contacts.app"; sourceTree = BUILT_PRODUCTS_DIR; };
		341A3A4114EDA84500870F39 /* Foundation.framework */ = {isa = PBXFileReference; lastKnownFileType = wrapper.framework; name = Foundation.framework; path = System/Library/Frameworks/Foundation.framework; sourceTree = SDKROOT; };
		341A3A4314EDA84500870F39 /* UIKit.framework */ = {isa = PBXFileReference; lastKnownFileType = wrapper.framework; name = UIKit.framework; path = System/Library/Frameworks/UIKit.framework; sourceTree = SDKROOT; };
		341A3A4514EDA84500870F39 /* CoreGraphics.framework */ = {isa = PBXFileReference; lastKnownFileType = wrapper.framework; name = CoreGraphics.framework; path = System/Library/Frameworks/CoreGraphics.framework; sourceTree = SDKROOT; };
		341A3A4714EDA84500870F39 /* AddressBook.framework */ = {isa = PBXFileReference; lastKnownFileType = wrapper.framework; name = AddressBook.framework; path = System/Library/Frameworks/AddressBook.framework; sourceTree = SDKROOT; };
		341A3A4914EDA84500870F39 /* AddressBookUI.framework */ = {isa = PBXFileReference; lastKnownFileType = wrapper.framework; name = AddressBookUI.framework; path = System/Library/Frameworks/AddressBookUI.framework; sourceTree = SDKROOT; };
		341A3A4B14EDA84500870F39 /* AudioToolbox.framework */ = {isa = PBXFileReference; lastKnownFileType = wrapper.framework; name = AudioToolbox.framework; path = System/Library/Frameworks/AudioToolbox.framework; sourceTree = SDKROOT; };
		341A3A4D14EDA84500870F39 /* AVFoundation.framework */ = {isa = PBXFileReference; lastKnownFileType = wrapper.framework; name = AVFoundation.framework; path = System/Library/Frameworks/AVFoundation.framework; sourceTree = SDKROOT; };
		341A3A4F14EDA84500870F39 /* CoreLocation.framework */ = {isa = PBXFileReference; lastKnownFileType = wrapper.framework; name = CoreLocation.framework; path = System/Library/Frameworks/CoreLocation.framework; sourceTree = SDKROOT; };
		341A3A5114EDA84500870F39 /* MediaPlayer.framework */ = {isa = PBXFileReference; lastKnownFileType = wrapper.framework; name = MediaPlayer.framework; path = System/Library/Frameworks/MediaPlayer.framework; sourceTree = SDKROOT; };
		341A3A5314EDA84500870F39 /* QuartzCore.framework */ = {isa = PBXFileReference; lastKnownFileType = wrapper.framework; name = QuartzCore.framework; path = System/Library/Frameworks/QuartzCore.framework; sourceTree = SDKROOT; };
		341A3A5514EDA84500870F39 /* SystemConfiguration.framework */ = {isa = PBXFileReference; lastKnownFileType = wrapper.framework; name = SystemConfiguration.framework; path = System/Library/Frameworks/SystemConfiguration.framework; sourceTree = SDKROOT; };
		341A3A5714EDA84500870F39 /* MobileCoreServices.framework */ = {isa = PBXFileReference; lastKnownFileType = wrapper.framework; name = MobileCoreServices.framework; path = System/Library/Frameworks/MobileCoreServices.framework; sourceTree = SDKROOT; };
		341A3A5914EDA84500870F39 /* CoreMedia.framework */ = {isa = PBXFileReference; lastKnownFileType = wrapper.framework; name = CoreMedia.framework; path = System/Library/Frameworks/CoreMedia.framework; sourceTree = SDKROOT; };
		341A3A5D14EDA84500870F39 /* PhoneGapFoo-Contacts-Info.plist */ = {isa = PBXFileReference; lastKnownFileType = text.plist.xml; path = "PhoneGapFoo-Contacts-Info.plist"; sourceTree = "<group>"; };
		341A3A5F14EDA84500870F39 /* en */ = {isa = PBXFileReference; lastKnownFileType = text.plist.strings; name = en; path = en.lproj/InfoPlist.strings; sourceTree = "<group>"; };
		341A3A6114EDA84500870F39 /* main.m */ = {isa = PBXFileReference; lastKnownFileType = sourcecode.c.objc; path = main.m; sourceTree = "<group>"; };
		341A3A6314EDA84500870F39 /* PhoneGapFoo-Contacts-Prefix.pch */ = {isa = PBXFileReference; lastKnownFileType = sourcecode.c.h; path = "PhoneGapFoo-Contacts-Prefix.pch"; sourceTree = "<group>"; };
		341A3A6414EDA84500870F39 /* PhoneGap.framework */ = {isa = PBXFileReference; lastKnownFileType = wrapper.framework; name = PhoneGap.framework; path = /Users/Shared/PhoneGap/Frameworks/PhoneGap.framework; sourceTree = "<absolute>"; };
		341A3A6914EDA84500870F39 /* en */ = {isa = PBXFileReference; lastKnownFileType = text.plist.strings; name = en; path = Resources/en.lproj/Localizable.strings; sourceTree = "<group>"; };
		341A3A6D14EDA84500870F39 /* es */ = {isa = PBXFileReference; lastKnownFileType = text.plist.strings; name = es; path = Resources/es.lproj/Localizable.strings; sourceTree = "<group>"; };
		341A3A7014EDA84500870F39 /* icon.png */ = {isa = PBXFileReference; lastKnownFileType = image.png; name = icon.png; path = Resources/icons/icon.png; sourceTree = "<group>"; };
		341A3A7214EDA84500870F39 /* icon@2x.png */ = {isa = PBXFileReference; lastKnownFileType = image.png; name = "icon@2x.png"; path = "Resources/icons/icon@2x.png"; sourceTree = "<group>"; };
		341A3A7414EDA84500870F39 /* icon-72.png */ = {isa = PBXFileReference; lastKnownFileType = image.png; name = "icon-72.png"; path = "Resources/icons/icon-72.png"; sourceTree = "<group>"; };
		341A3A7714EDA84500870F39 /* Default.png */ = {isa = PBXFileReference; lastKnownFileType = image.png; name = Default.png; path = Resources/splash/Default.png; sourceTree = "<group>"; };
		341A3A7914EDA84500870F39 /* Default@2x.png */ = {isa = PBXFileReference; lastKnownFileType = image.png; name = "Default@2x.png"; path = "Resources/splash/Default@2x.png"; sourceTree = "<group>"; };
		341A3A7B14EDA84500870F39 /* Capture.bundle */ = {isa = PBXFileReference; lastKnownFileType = "wrapper.plug-in"; name = Capture.bundle; path = Resources/Capture.bundle; sourceTree = "<group>"; };
		341A3A7D14EDA84500870F39 /* PhoneGap.plist */ = {isa = PBXFileReference; lastKnownFileType = text.plist.xml; path = PhoneGap.plist; sourceTree = "<group>"; };
		341A3A8014EDA84500870F39 /* AppDelegate.h */ = {isa = PBXFileReference; lastKnownFileType = sourcecode.c.h; name = AppDelegate.h; path = Classes/AppDelegate.h; sourceTree = "<group>"; };
		341A3A8114EDA84500870F39 /* AppDelegate.m */ = {isa = PBXFileReference; lastKnownFileType = sourcecode.c.objc; name = AppDelegate.m; path = Classes/AppDelegate.m; sourceTree = "<group>"; };
		341A3A8314EDA84500870F39 /* MainViewController.h */ = {isa = PBXFileReference; lastKnownFileType = sourcecode.c.h; name = MainViewController.h; path = Classes/MainViewController.h; sourceTree = "<group>"; };
		341A3A8414EDA84500870F39 /* MainViewController.m */ = {isa = PBXFileReference; lastKnownFileType = sourcecode.c.objc; name = MainViewController.m; path = Classes/MainViewController.m; sourceTree = "<group>"; };
		341A3A8614EDA84500870F39 /* MainViewController.xib */ = {isa = PBXFileReference; lastKnownFileType = file.xib; name = MainViewController.xib; path = Classes/MainViewController.xib; sourceTree = "<group>"; };
		341A3A8914EDA84500870F39 /* README */ = {isa = PBXFileReference; lastKnownFileType = text; name = README; path = Plugins/README; sourceTree = "<group>"; };
		341A3A8F14EDA85800870F39 /* www */ = {isa = PBXFileReference; lastKnownFileType = folder; path = www; sourceTree = "<group>"; };
/* End PBXFileReference section */

/* Begin PBXFrameworksBuildPhase section */
		341A3A3714EDA84500870F39 /* Frameworks */ = {
			isa = PBXFrameworksBuildPhase;
			buildActionMask = 2147483647;
			files = (
				341A3A4214EDA84500870F39 /* Foundation.framework in Frameworks */,
				341A3A4414EDA84500870F39 /* UIKit.framework in Frameworks */,
				341A3A4614EDA84500870F39 /* CoreGraphics.framework in Frameworks */,
				341A3A4814EDA84500870F39 /* AddressBook.framework in Frameworks */,
				341A3A4A14EDA84500870F39 /* AddressBookUI.framework in Frameworks */,
				341A3A4C14EDA84500870F39 /* AudioToolbox.framework in Frameworks */,
				341A3A4E14EDA84500870F39 /* AVFoundation.framework in Frameworks */,
				341A3A5014EDA84500870F39 /* CoreLocation.framework in Frameworks */,
				341A3A5214EDA84500870F39 /* MediaPlayer.framework in Frameworks */,
				341A3A5414EDA84500870F39 /* QuartzCore.framework in Frameworks */,
				341A3A5614EDA84500870F39 /* SystemConfiguration.framework in Frameworks */,
				341A3A5814EDA84500870F39 /* MobileCoreServices.framework in Frameworks */,
				341A3A5A14EDA84500870F39 /* CoreMedia.framework in Frameworks */,
				341A3A6514EDA84500870F39 /* PhoneGap.framework in Frameworks */,
			);
			runOnlyForDeploymentPostprocessing = 0;
		};
		341A3A3A14EDA84500870F39 /* Frameworks */ = {
			isa = PBXFrameworksBuildPhase;
			buildActionMask = 2147483647;
			files = (
			);
			runOnlyForDeploymentPostprocessing = 0;
		};
/* End PBXFrameworksBuildPhase section */

/* Begin PBXGroup section */
		341A3A2F14EDA84500870F39 = {
			isa = PBXGroup;
			children = (
				341A3A8F14EDA85800870F39 /* www */,
				341A3A5B14EDA84500870F39 /* PhoneGapFoo-Contacts */,
				341A3A4014EDA84500870F39 /* Frameworks */,
				341A3A3E14EDA84500870F39 /* Products */,
			);
			sourceTree = "<group>";
		};
		341A3A3E14EDA84500870F39 /* Products */ = {
			isa = PBXGroup;
			children = (
				341A3A3D14EDA84500870F39 /* PhoneGapFoo-Contacts.app */,
			);
			name = Products;
			sourceTree = "<group>";
		};
		341A3A4014EDA84500870F39 /* Frameworks */ = {
			isa = PBXGroup;
			children = (
				341A3A4114EDA84500870F39 /* Foundation.framework */,
				341A3A4314EDA84500870F39 /* UIKit.framework */,
				341A3A4514EDA84500870F39 /* CoreGraphics.framework */,
				341A3A4714EDA84500870F39 /* AddressBook.framework */,
				341A3A4914EDA84500870F39 /* AddressBookUI.framework */,
				341A3A4B14EDA84500870F39 /* AudioToolbox.framework */,
				341A3A4D14EDA84500870F39 /* AVFoundation.framework */,
				341A3A4F14EDA84500870F39 /* CoreLocation.framework */,
				341A3A5114EDA84500870F39 /* MediaPlayer.framework */,
				341A3A5314EDA84500870F39 /* QuartzCore.framework */,
				341A3A5514EDA84500870F39 /* SystemConfiguration.framework */,
				341A3A5714EDA84500870F39 /* MobileCoreServices.framework */,
				341A3A5914EDA84500870F39 /* CoreMedia.framework */,
			);
			name = Frameworks;
			sourceTree = "<group>";
		};
		341A3A5B14EDA84500870F39 /* PhoneGapFoo-Contacts */ = {
			isa = PBXGroup;
			children = (
				341A3A6414EDA84500870F39 /* PhoneGap.framework */,
				341A3A6614EDA84500870F39 /* Resources */,
				341A3A7F14EDA84500870F39 /* Classes */,
				341A3A8814EDA84500870F39 /* Plugins */,
				341A3A5C14EDA84500870F39 /* Supporting Files */,
			);
			path = "PhoneGapFoo-Contacts";
			sourceTree = "<group>";
		};
		341A3A5C14EDA84500870F39 /* Supporting Files */ = {
			isa = PBXGroup;
			children = (
				341A3A5D14EDA84500870F39 /* PhoneGapFoo-Contacts-Info.plist */,
				341A3A5E14EDA84500870F39 /* InfoPlist.strings */,
				341A3A6114EDA84500870F39 /* main.m */,
				341A3A6314EDA84500870F39 /* PhoneGapFoo-Contacts-Prefix.pch */,
				341A3A7D14EDA84500870F39 /* PhoneGap.plist */,
				341A3A8614EDA84500870F39 /* MainViewController.xib */,
			);
			name = "Supporting Files";
			sourceTree = "<group>";
		};
		341A3A6614EDA84500870F39 /* Resources */ = {
			isa = PBXGroup;
			children = (
				341A3A7B14EDA84500870F39 /* Capture.bundle */,
				341A3A6714EDA84500870F39 /* en.lproj */,
				341A3A6B14EDA84500870F39 /* es.lproj */,
				341A3A6F14EDA84500870F39 /* icons */,
				341A3A7614EDA84500870F39 /* splash */,
			);
			name = Resources;
			sourceTree = "<group>";
		};
		341A3A6714EDA84500870F39 /* en.lproj */ = {
			isa = PBXGroup;
			children = (
				341A3A6814EDA84500870F39 /* Localizable.strings */,
			);
			name = en.lproj;
			sourceTree = "<group>";
		};
		341A3A6B14EDA84500870F39 /* es.lproj */ = {
			isa = PBXGroup;
			children = (
				341A3A6C14EDA84500870F39 /* Localizable.strings */,
			);
			name = es.lproj;
			sourceTree = "<group>";
		};
		341A3A6F14EDA84500870F39 /* icons */ = {
			isa = PBXGroup;
			children = (
				341A3A7014EDA84500870F39 /* icon.png */,
				341A3A7214EDA84500870F39 /* icon@2x.png */,
				341A3A7414EDA84500870F39 /* icon-72.png */,
			);
			name = icons;
			sourceTree = "<group>";
		};
		341A3A7614EDA84500870F39 /* splash */ = {
			isa = PBXGroup;
			children = (
				341A3A7714EDA84500870F39 /* Default.png */,
				341A3A7914EDA84500870F39 /* Default@2x.png */,
			);
			name = splash;
			sourceTree = "<group>";
		};
		341A3A7F14EDA84500870F39 /* Classes */ = {
			isa = PBXGroup;
			children = (
				341A3A8014EDA84500870F39 /* AppDelegate.h */,
				341A3A8114EDA84500870F39 /* AppDelegate.m */,
				341A3A8314EDA84500870F39 /* MainViewController.h */,
				341A3A8414EDA84500870F39 /* MainViewController.m */,
			);
			name = Classes;
			sourceTree = "<group>";
		};
		341A3A8814EDA84500870F39 /* Plugins */ = {
			isa = PBXGroup;
			children = (
				341A3A8914EDA84500870F39 /* README */,
			);
			name = Plugins;
			sourceTree = "<group>";
		};
/* End PBXGroup section */

/* Begin PBXNativeTarget section */
		341A3A3C14EDA84500870F39 /* PhoneGapFoo-Contacts */ = {
			isa = PBXNativeTarget;
			buildConfigurationList = 341A3A8C14EDA84500870F39 /* Build configuration list for PBXNativeTarget "PhoneGapFoo-Contacts" */;
			buildPhases = (
				341A3A3614EDA84500870F39 /* Sources */,
				341A3A3714EDA84500870F39 /* Frameworks */,
				341A3A3814EDA84500870F39 /* Resources */,
				341A3A3914EDA84500870F39 /* Sources */,
				341A3A3A14EDA84500870F39 /* Frameworks */,
				341A3A3B14EDA84500870F39 /* ShellScript */,
			);
			buildRules = (
			);
			dependencies = (
			);
			name = "PhoneGapFoo-Contacts";
			productName = "PhoneGapFoo-Contacts";
			productReference = 341A3A3D14EDA84500870F39 /* PhoneGapFoo-Contacts.app */;
			productType = "com.apple.product-type.application";
		};
/* End PBXNativeTarget section */

/* Begin PBXProject section */
		341A3A3114EDA84500870F39 /* Project object */ = {
			isa = PBXProject;
			attributes = {
				LastUpgradeCheck = 0420;
				ORGANIZATIONNAME = "AMX Software Ltd";
			};
			buildConfigurationList = 341A3A3414EDA84500870F39 /* Build configuration list for PBXProject "PhoneGapFoo-Contacts" */;
			compatibilityVersion = "Xcode 3.2";
			developmentRegion = English;
			hasScannedForEncodings = 0;
			knownRegions = (
				en,
				es,
			);
			mainGroup = 341A3A2F14EDA84500870F39;
			productRefGroup = 341A3A3E14EDA84500870F39 /* Products */;
			projectDirPath = "";
			projectRoot = "";
			targets = (
				341A3A3C14EDA84500870F39 /* PhoneGapFoo-Contacts */,
			);
		};
/* End PBXProject section */

/* Begin PBXResourcesBuildPhase section */
		341A3A3814EDA84500870F39 /* Resources */ = {
			isa = PBXResourcesBuildPhase;
			buildActionMask = 2147483647;
			files = (
				341A3A6014EDA84500870F39 /* InfoPlist.strings in Resources */,
				341A3A6A14EDA84500870F39 /* Localizable.strings in Resources */,
				341A3A6E14EDA84500870F39 /* Localizable.strings in Resources */,
				341A3A7114EDA84500870F39 /* icon.png in Resources */,
				341A3A7314EDA84500870F39 /* icon@2x.png in Resources */,
				341A3A7514EDA84500870F39 /* icon-72.png in Resources */,
				341A3A7814EDA84500870F39 /* Default.png in Resources */,
				341A3A7A14EDA84500870F39 /* Default@2x.png in Resources */,
				341A3A7C14EDA84500870F39 /* Capture.bundle in Resources */,
				341A3A7E14EDA84500870F39 /* PhoneGap.plist in Resources */,
				341A3A8714EDA84500870F39 /* MainViewController.xib in Resources */,
				341A3A9014EDA85800870F39 /* www in Resources */,
			);
			runOnlyForDeploymentPostprocessing = 0;
		};
/* End PBXResourcesBuildPhase section */

/* Begin PBXShellScriptBuildPhase section */
		341A3A3B14EDA84500870F39 /* ShellScript */ = {
			isa = PBXShellScriptBuildPhase;
			buildActionMask = 2147483647;
			files = (
			);
			inputPaths = (
			);
			outputPaths = (
			);
			runOnlyForDeploymentPostprocessing = 0;
			shellPath = /bin/bash;
			shellScript = "\n\t\t\t\t\t\t\t\tif [ ! -d \"$PROJECT_DIR/www\" ] ; then\n\t\t\t\t\t\t\t\t\tcp -R /Users/Shared/PhoneGap/Frameworks/PhoneGap.framework/www \"$PROJECT_DIR\"\n\t\t\t\t\t\t\t\tfi\n\t\t\t\t\t\t\t\t# detect www folder reference in project, if missing, print warning\n\t\t\t\t\t\t\t\tgrep \"{isa = PBXFileReference; lastKnownFileType = folder; path = www; sourceTree = \\\"<group>\\\"; };\" \"$PROJECT_DIR/$PROJECT_NAME.xcodeproj/project.pbxproj\"\n\t\t\t\t\t\t\t\trc=$? \n\t\t\t\t\t\t\t\tif [ $rc != 0 ] ; then\n\t\t\t\t\t\t\t\techo -e \"warning: Missing - Add $PROJECT_DIR/www as a folder reference in your project. Just drag and drop the folder into your project, into the Project Navigator of Xcode 4. Make sure you select the second radio-button: 'Create folder references for any added folders' (which will create a blue folder)\" 1>&2\n\t\t\t\t\t\t\t\tfi\t\t\t\t\t\t\t";
		};
/* End PBXShellScriptBuildPhase section */

/* Begin PBXSourcesBuildPhase section */
		341A3A3614EDA84500870F39 /* Sources */ = {
			isa = PBXSourcesBuildPhase;
			buildActionMask = 2147483647;
			files = (
				341A3A6214EDA84500870F39 /* main.m in Sources */,
				341A3A8214EDA84500870F39 /* AppDelegate.m in Sources */,
				341A3A8514EDA84500870F39 /* MainViewController.m in Sources */,
			);
			runOnlyForDeploymentPostprocessing = 0;
		};
		341A3A3914EDA84500870F39 /* Sources */ = {
			isa = PBXSourcesBuildPhase;
			buildActionMask = 2147483647;
			files = (
			);
			runOnlyForDeploymentPostprocessing = 0;
		};
/* End PBXSourcesBuildPhase section */

/* Begin PBXVariantGroup section */
		341A3A5E14EDA84500870F39 /* InfoPlist.strings */ = {
			isa = PBXVariantGroup;
			children = (
				341A3A5F14EDA84500870F39 /* en */,
			);
			name = InfoPlist.strings;
			sourceTree = "<group>";
		};
		341A3A6814EDA84500870F39 /* Localizable.strings */ = {
			isa = PBXVariantGroup;
			children = (
				341A3A6914EDA84500870F39 /* en */,
			);
			name = Localizable.strings;
			sourceTree = "<group>";
		};
		341A3A6C14EDA84500870F39 /* Localizable.strings */ = {
			isa = PBXVariantGroup;
			children = (
				341A3A6D14EDA84500870F39 /* es */,
			);
			name = Localizable.strings;
			sourceTree = "<group>";
		};
/* End PBXVariantGroup section */

/* Begin XCBuildConfiguration section */
		341A3A8A14EDA84500870F39 /* Debug */ = {
			isa = XCBuildConfiguration;
			buildSettings = {
				ALWAYS_SEARCH_USER_PATHS = NO;
				ARCHS = "$(ARCHS_STANDARD_32_BIT)";
				CLANG_ENABLE_OBJC_ARC = YES;
				"CODE_SIGN_IDENTITY[sdk=iphoneos*]" = "iPhone Developer";
				COPY_PHASE_STRIP = NO;
				GCC_C_LANGUAGE_STANDARD = gnu99;
				GCC_DYNAMIC_NO_PIC = NO;
				GCC_OPTIMIZATION_LEVEL = 0;
				GCC_PREPROCESSOR_DEFINITIONS = (
					"DEBUG=1",
					"$(inherited)",
				);
				GCC_SYMBOLS_PRIVATE_EXTERN = NO;
				GCC_VERSION = com.apple.compilers.llvmgcc42;
				GCC_WARN_ABOUT_MISSING_PROTOTYPES = YES;
				GCC_WARN_ABOUT_RETURN_TYPE = YES;
				GCC_WARN_UNUSED_VARIABLE = YES;
				IPHONEOS_DEPLOYMENT_TARGET = 3.0;
				SDKROOT = iphoneos;
			};
			name = Debug;
		};
		341A3A8B14EDA84500870F39 /* Release */ = {
			isa = XCBuildConfiguration;
			buildSettings = {
				ALWAYS_SEARCH_USER_PATHS = NO;
				ARCHS = "$(ARCHS_STANDARD_32_BIT)";
				CLANG_ENABLE_OBJC_ARC = YES;
				"CODE_SIGN_IDENTITY[sdk=iphoneos*]" = "iPhone Developer";
				COPY_PHASE_STRIP = YES;
				GCC_C_LANGUAGE_STANDARD = gnu99;
				GCC_VERSION = com.apple.compilers.llvmgcc42;
				GCC_WARN_ABOUT_MISSING_PROTOTYPES = YES;
				GCC_WARN_ABOUT_RETURN_TYPE = YES;
				GCC_WARN_UNUSED_VARIABLE = YES;
				IPHONEOS_DEPLOYMENT_TARGET = 3.0;
				SDKROOT = iphoneos;
				VALIDATE_PRODUCT = YES;
			};
			name = Release;
		};
		341A3A8D14EDA84500870F39 /* Debug */ = {
			isa = XCBuildConfiguration;
			buildSettings = {
				ALWAYS_SEARCH_USER_PATHS = YES;
				COPY_PHASE_STRIP = NO;
				FRAMEWORK_SEARCH_PATHS = /Users/Shared/PhoneGap/Frameworks;
				GCC_DYNAMIC_NO_PIC = NO;
				GCC_PRECOMPILE_PREFIX_HEADER = YES;
				GCC_PREFIX_HEADER = "PhoneGapFoo-Contacts/PhoneGapFoo-Contacts-Prefix.pch";
				GCC_PREPROCESSOR_DEFINITIONS = "PHONEGAP_FRAMEWORK=YES";
				INFOPLIST_FILE = "PhoneGapFoo-Contacts/PhoneGapFoo-Contacts-Info.plist";
				OTHER_LDFLAGS = (
					"-weak_framework",
					UIKit,
					"-weak_framework",
					AVFoundation,
					"-weak_framework",
					CoreMedia,
					"-weak_library",
					/usr/lib/libSystem.B.dylib,
				);
				PRODUCT_NAME = "$(TARGET_NAME)";
				TARGETED_DEVICE_FAMILY = "1,2";
				WRAPPER_EXTENSION = app;
			};
			name = Debug;
		};
		341A3A8E14EDA84500870F39 /* Release */ = {
			isa = XCBuildConfiguration;
			buildSettings = {
				ALWAYS_SEARCH_USER_PATHS = YES;
				COPY_PHASE_STRIP = YES;
				DEBUG_INFORMATION_FORMAT = "dwarf-with-dsym";
				FRAMEWORK_SEARCH_PATHS = /Users/Shared/PhoneGap/Frameworks;
				GCC_PRECOMPILE_PREFIX_HEADER = YES;
				GCC_PREFIX_HEADER = "PhoneGapFoo-Contacts/PhoneGapFoo-Contacts-Prefix.pch";
				GCC_PREPROCESSOR_DEFINITIONS = "PHONEGAP_FRAMEWORK=YES";
				INFOPLIST_FILE = "PhoneGapFoo-Contacts/PhoneGapFoo-Contacts-Info.plist";
				OTHER_LDFLAGS = (
					"-weak_framework",
					UIKit,
					"-weak_framework",
					AVFoundation,
					"-weak_framework",
					CoreMedia,
					"-weak_library",
					/usr/lib/libSystem.B.dylib,
				);
				PRODUCT_NAME = "$(TARGET_NAME)";
				TARGETED_DEVICE_FAMILY = "1,2";
				VALIDATE_PRODUCT = YES;
				WRAPPER_EXTENSION = app;
			};
			name = Release;
		};
/* End XCBuildConfiguration section */

/* Begin XCConfigurationList section */
		341A3A3414EDA84500870F39 /* Build configuration list for PBXProject "PhoneGapFoo-Contacts" */ = {
			isa = XCConfigurationList;
			buildConfigurations = (
				341A3A8A14EDA84500870F39 /* Debug */,
				341A3A8B14EDA84500870F39 /* Release */,
			);
			defaultConfigurationIsVisible = 0;
			defaultConfigurationName = Release;
		};
		341A3A8C14EDA84500870F39 /* Build configuration list for PBXNativeTarget "PhoneGapFoo-Contacts" */ = {
			isa = XCConfigurationList;
			buildConfigurations = (
				341A3A8D14EDA84500870F39 /* Debug */,
				341A3A8E14EDA84500870F39 /* Release */,
			);
			defaultConfigurationIsVisible = 0;
		};
/* End XCConfigurationList section */
	};
	rootObject = 341A3A3114EDA84500870F39 /* Project object */;
}
