// !$*UTF8*$!
{
	archiveVersion = 1;
	classes = {
	};
	objectVersion = 46;
	objects = {

/* Begin PBXBuildFile section */
		34F8882714E46424007F7498 /* Foundation.framework in Frameworks */ = {isa = PBXBuildFile; fileRef = 34F8882614E46424007F7498 /* Foundation.framework */; };
		34F8882914E46424007F7498 /* UIKit.framework in Frameworks */ = {isa = PBXBuildFile; fileRef = 34F8882814E46424007F7498 /* UIKit.framework */; };
		34F8882B14E46424007F7498 /* CoreGraphics.framework in Frameworks */ = {isa = PBXBuildFile; fileRef = 34F8882A14E46424007F7498 /* CoreGraphics.framework */; };
		34F8882D14E46424007F7498 /* AddressBook.framework in Frameworks */ = {isa = PBXBuildFile; fileRef = 34F8882C14E46424007F7498 /* AddressBook.framework */; };
		34F8882F14E46424007F7498 /* AddressBookUI.framework in Frameworks */ = {isa = PBXBuildFile; fileRef = 34F8882E14E46424007F7498 /* AddressBookUI.framework */; };
		34F8883114E46424007F7498 /* AudioToolbox.framework in Frameworks */ = {isa = PBXBuildFile; fileRef = 34F8883014E46424007F7498 /* AudioToolbox.framework */; };
		34F8883314E46424007F7498 /* AVFoundation.framework in Frameworks */ = {isa = PBXBuildFile; fileRef = 34F8883214E46424007F7498 /* AVFoundation.framework */; };
		34F8883514E46424007F7498 /* CoreLocation.framework in Frameworks */ = {isa = PBXBuildFile; fileRef = 34F8883414E46424007F7498 /* CoreLocation.framework */; };
		34F8883714E46424007F7498 /* MediaPlayer.framework in Frameworks */ = {isa = PBXBuildFile; fileRef = 34F8883614E46424007F7498 /* MediaPlayer.framework */; };
		34F8883914E46424007F7498 /* QuartzCore.framework in Frameworks */ = {isa = PBXBuildFile; fileRef = 34F8883814E46424007F7498 /* QuartzCore.framework */; };
		34F8883B14E46424007F7498 /* SystemConfiguration.framework in Frameworks */ = {isa = PBXBuildFile; fileRef = 34F8883A14E46424007F7498 /* SystemConfiguration.framework */; };
		34F8883D14E46424007F7498 /* MobileCoreServices.framework in Frameworks */ = {isa = PBXBuildFile; fileRef = 34F8883C14E46424007F7498 /* MobileCoreServices.framework */; };
		34F8883F14E46424007F7498 /* CoreMedia.framework in Frameworks */ = {isa = PBXBuildFile; fileRef = 34F8883E14E46424007F7498 /* CoreMedia.framework */; };
		34F8884514E46424007F7498 /* InfoPlist.strings in Resources */ = {isa = PBXBuildFile; fileRef = 34F8884314E46424007F7498 /* InfoPlist.strings */; };
		34F8884714E46424007F7498 /* main.m in Sources */ = {isa = PBXBuildFile; fileRef = 34F8884614E46424007F7498 /* main.m */; };
		34F8884A14E46424007F7498 /* PhoneGap.framework in Frameworks */ = {isa = PBXBuildFile; fileRef = 34F8884914E46424007F7498 /* PhoneGap.framework */; };
		34F8884F14E46424007F7498 /* Localizable.strings in Resources */ = {isa = PBXBuildFile; fileRef = 34F8884D14E46424007F7498 /* Localizable.strings */; };
		34F8885314E46424007F7498 /* Localizable.strings in Resources */ = {isa = PBXBuildFile; fileRef = 34F8885114E46424007F7498 /* Localizable.strings */; };
		34F8885614E46424007F7498 /* icon.png in Resources */ = {isa = PBXBuildFile; fileRef = 34F8885514E46424007F7498 /* icon.png */; };
		34F8885814E46424007F7498 /* icon@2x.png in Resources */ = {isa = PBXBuildFile; fileRef = 34F8885714E46424007F7498 /* icon@2x.png */; };
		34F8885A14E46424007F7498 /* icon-72.png in Resources */ = {isa = PBXBuildFile; fileRef = 34F8885914E46424007F7498 /* icon-72.png */; };
		34F8885D14E46424007F7498 /* Default.png in Resources */ = {isa = PBXBuildFile; fileRef = 34F8885C14E46424007F7498 /* Default.png */; };
		34F8885F14E46424007F7498 /* Default@2x.png in Resources */ = {isa = PBXBuildFile; fileRef = 34F8885E14E46424007F7498 /* Default@2x.png */; };
		34F8886114E46424007F7498 /* Capture.bundle in Resources */ = {isa = PBXBuildFile; fileRef = 34F8886014E46424007F7498 /* Capture.bundle */; };
		34F8886314E46424007F7498 /* PhoneGap.plist in Resources */ = {isa = PBXBuildFile; fileRef = 34F8886214E46424007F7498 /* PhoneGap.plist */; };
		34F8886714E46424007F7498 /* AppDelegate.m in Sources */ = {isa = PBXBuildFile; fileRef = 34F8886614E46424007F7498 /* AppDelegate.m */; };
		34F8886A14E46424007F7498 /* MainViewController.m in Sources */ = {isa = PBXBuildFile; fileRef = 34F8886914E46424007F7498 /* MainViewController.m */; };
		34F8886C14E46424007F7498 /* MainViewController.xib in Resources */ = {isa = PBXBuildFile; fileRef = 34F8886B14E46424007F7498 /* MainViewController.xib */; };
		34F8887514E4643C007F7498 /* www in Resources */ = {isa = PBXBuildFile; fileRef = 34F8887414E4643C007F7498 /* www */; };
/* End PBXBuildFile section */

/* Begin PBXFileReference section */
		34F8882214E46424007F7498 /* StreetFoo for iOS.app */ = {isa = PBXFileReference; explicitFileType = wrapper.application; includeInIndex = 0; path = "StreetFoo for iOS.app"; sourceTree = BUILT_PRODUCTS_DIR; };
		34F8882614E46424007F7498 /* Foundation.framework */ = {isa = PBXFileReference; lastKnownFileType = wrapper.framework; name = Foundation.framework; path = System/Library/Frameworks/Foundation.framework; sourceTree = SDKROOT; };
		34F8882814E46424007F7498 /* UIKit.framework */ = {isa = PBXFileReference; lastKnownFileType = wrapper.framework; name = UIKit.framework; path = System/Library/Frameworks/UIKit.framework; sourceTree = SDKROOT; };
		34F8882A14E46424007F7498 /* CoreGraphics.framework */ = {isa = PBXFileReference; lastKnownFileType = wrapper.framework; name = CoreGraphics.framework; path = System/Library/Frameworks/CoreGraphics.framework; sourceTree = SDKROOT; };
		34F8882C14E46424007F7498 /* AddressBook.framework */ = {isa = PBXFileReference; lastKnownFileType = wrapper.framework; name = AddressBook.framework; path = System/Library/Frameworks/AddressBook.framework; sourceTree = SDKROOT; };
		34F8882E14E46424007F7498 /* AddressBookUI.framework */ = {isa = PBXFileReference; lastKnownFileType = wrapper.framework; name = AddressBookUI.framework; path = System/Library/Frameworks/AddressBookUI.framework; sourceTree = SDKROOT; };
		34F8883014E46424007F7498 /* AudioToolbox.framework */ = {isa = PBXFileReference; lastKnownFileType = wrapper.framework; name = AudioToolbox.framework; path = System/Library/Frameworks/AudioToolbox.framework; sourceTree = SDKROOT; };
		34F8883214E46424007F7498 /* AVFoundation.framework */ = {isa = PBXFileReference; lastKnownFileType = wrapper.framework; name = AVFoundation.framework; path = System/Library/Frameworks/AVFoundation.framework; sourceTree = SDKROOT; };
		34F8883414E46424007F7498 /* CoreLocation.framework */ = {isa = PBXFileReference; lastKnownFileType = wrapper.framework; name = CoreLocation.framework; path = System/Library/Frameworks/CoreLocation.framework; sourceTree = SDKROOT; };
		34F8883614E46424007F7498 /* MediaPlayer.framework */ = {isa = PBXFileReference; lastKnownFileType = wrapper.framework; name = MediaPlayer.framework; path = System/Library/Frameworks/MediaPlayer.framework; sourceTree = SDKROOT; };
		34F8883814E46424007F7498 /* QuartzCore.framework */ = {isa = PBXFileReference; lastKnownFileType = wrapper.framework; name = QuartzCore.framework; path = System/Library/Frameworks/QuartzCore.framework; sourceTree = SDKROOT; };
		34F8883A14E46424007F7498 /* SystemConfiguration.framework */ = {isa = PBXFileReference; lastKnownFileType = wrapper.framework; name = SystemConfiguration.framework; path = System/Library/Frameworks/SystemConfiguration.framework; sourceTree = SDKROOT; };
		34F8883C14E46424007F7498 /* MobileCoreServices.framework */ = {isa = PBXFileReference; lastKnownFileType = wrapper.framework; name = MobileCoreServices.framework; path = System/Library/Frameworks/MobileCoreServices.framework; sourceTree = SDKROOT; };
		34F8883E14E46424007F7498 /* CoreMedia.framework */ = {isa = PBXFileReference; lastKnownFileType = wrapper.framework; name = CoreMedia.framework; path = System/Library/Frameworks/CoreMedia.framework; sourceTree = SDKROOT; };
		34F8884214E46424007F7498 /* StreetFoo for iOS-Info.plist */ = {isa = PBXFileReference; lastKnownFileType = text.plist.xml; path = "StreetFoo for iOS-Info.plist"; sourceTree = "<group>"; };
		34F8884414E46424007F7498 /* en */ = {isa = PBXFileReference; lastKnownFileType = text.plist.strings; name = en; path = en.lproj/InfoPlist.strings; sourceTree = "<group>"; };
		34F8884614E46424007F7498 /* main.m */ = {isa = PBXFileReference; lastKnownFileType = sourcecode.c.objc; path = main.m; sourceTree = "<group>"; };
		34F8884814E46424007F7498 /* StreetFoo for iOS-Prefix.pch */ = {isa = PBXFileReference; lastKnownFileType = sourcecode.c.h; path = "StreetFoo for iOS-Prefix.pch"; sourceTree = "<group>"; };
		34F8884914E46424007F7498 /* PhoneGap.framework */ = {isa = PBXFileReference; lastKnownFileType = wrapper.framework; name = PhoneGap.framework; path = /Users/Shared/PhoneGap/Frameworks/PhoneGap.framework; sourceTree = "<absolute>"; };
		34F8884E14E46424007F7498 /* en */ = {isa = PBXFileReference; lastKnownFileType = text.plist.strings; name = en; path = Resources/en.lproj/Localizable.strings; sourceTree = "<group>"; };
		34F8885214E46424007F7498 /* es */ = {isa = PBXFileReference; lastKnownFileType = text.plist.strings; name = es; path = Resources/es.lproj/Localizable.strings; sourceTree = "<group>"; };
		34F8885514E46424007F7498 /* icon.png */ = {isa = PBXFileReference; lastKnownFileType = image.png; name = icon.png; path = Resources/icons/icon.png; sourceTree = "<group>"; };
		34F8885714E46424007F7498 /* icon@2x.png */ = {isa = PBXFileReference; lastKnownFileType = image.png; name = "icon@2x.png"; path = "Resources/icons/icon@2x.png"; sourceTree = "<group>"; };
		34F8885914E46424007F7498 /* icon-72.png */ = {isa = PBXFileReference; lastKnownFileType = image.png; name = "icon-72.png"; path = "Resources/icons/icon-72.png"; sourceTree = "<group>"; };
		34F8885C14E46424007F7498 /* Default.png */ = {isa = PBXFileReference; lastKnownFileType = image.png; name = Default.png; path = Resources/splash/Default.png; sourceTree = "<group>"; };
		34F8885E14E46424007F7498 /* Default@2x.png */ = {isa = PBXFileReference; lastKnownFileType = image.png; name = "Default@2x.png"; path = "Resources/splash/Default@2x.png"; sourceTree = "<group>"; };
		34F8886014E46424007F7498 /* Capture.bundle */ = {isa = PBXFileReference; lastKnownFileType = "wrapper.plug-in"; name = Capture.bundle; path = Resources/Capture.bundle; sourceTree = "<group>"; };
		34F8886214E46424007F7498 /* PhoneGap.plist */ = {isa = PBXFileReference; lastKnownFileType = text.plist.xml; path = PhoneGap.plist; sourceTree = "<group>"; };
		34F8886514E46424007F7498 /* AppDelegate.h */ = {isa = PBXFileReference; lastKnownFileType = sourcecode.c.h; name = AppDelegate.h; path = Classes/AppDelegate.h; sourceTree = "<group>"; };
		34F8886614E46424007F7498 /* AppDelegate.m */ = {isa = PBXFileReference; lastKnownFileType = sourcecode.c.objc; name = AppDelegate.m; path = Classes/AppDelegate.m; sourceTree = "<group>"; };
		34F8886814E46424007F7498 /* MainViewController.h */ = {isa = PBXFileReference; lastKnownFileType = sourcecode.c.h; name = MainViewController.h; path = Classes/MainViewController.h; sourceTree = "<group>"; };
		34F8886914E46424007F7498 /* MainViewController.m */ = {isa = PBXFileReference; lastKnownFileType = sourcecode.c.objc; name = MainViewController.m; path = Classes/MainViewController.m; sourceTree = "<group>"; };
		34F8886B14E46424007F7498 /* MainViewController.xib */ = {isa = PBXFileReference; lastKnownFileType = file.xib; name = MainViewController.xib; path = Classes/MainViewController.xib; sourceTree = "<group>"; };
		34F8886E14E46424007F7498 /* README */ = {isa = PBXFileReference; lastKnownFileType = text; name = README; path = Plugins/README; sourceTree = "<group>"; };
		34F8887414E4643C007F7498 /* www */ = {isa = PBXFileReference; lastKnownFileType = folder; path = www; sourceTree = "<group>"; };
/* End PBXFileReference section */

/* Begin PBXFrameworksBuildPhase section */
		34F8881C14E46424007F7498 /* Frameworks */ = {
			isa = PBXFrameworksBuildPhase;
			buildActionMask = 2147483647;
			files = (
				34F8882714E46424007F7498 /* Foundation.framework in Frameworks */,
				34F8882914E46424007F7498 /* UIKit.framework in Frameworks */,
				34F8882B14E46424007F7498 /* CoreGraphics.framework in Frameworks */,
				34F8882D14E46424007F7498 /* AddressBook.framework in Frameworks */,
				34F8882F14E46424007F7498 /* AddressBookUI.framework in Frameworks */,
				34F8883114E46424007F7498 /* AudioToolbox.framework in Frameworks */,
				34F8883314E46424007F7498 /* AVFoundation.framework in Frameworks */,
				34F8883514E46424007F7498 /* CoreLocation.framework in Frameworks */,
				34F8883714E46424007F7498 /* MediaPlayer.framework in Frameworks */,
				34F8883914E46424007F7498 /* QuartzCore.framework in Frameworks */,
				34F8883B14E46424007F7498 /* SystemConfiguration.framework in Frameworks */,
				34F8883D14E46424007F7498 /* MobileCoreServices.framework in Frameworks */,
				34F8883F14E46424007F7498 /* CoreMedia.framework in Frameworks */,
				34F8884A14E46424007F7498 /* PhoneGap.framework in Frameworks */,
			);
			runOnlyForDeploymentPostprocessing = 0;
		};
		34F8881F14E46424007F7498 /* Frameworks */ = {
			isa = PBXFrameworksBuildPhase;
			buildActionMask = 2147483647;
			files = (
			);
			runOnlyForDeploymentPostprocessing = 0;
		};
/* End PBXFrameworksBuildPhase section */

/* Begin PBXGroup section */
		34F8881414E46424007F7498 = {
			isa = PBXGroup;
			children = (
				34F8887414E4643C007F7498 /* www */,
				34F8884014E46424007F7498 /* StreetFoo for iOS */,
				34F8882514E46424007F7498 /* Frameworks */,
				34F8882314E46424007F7498 /* Products */,
			);
			sourceTree = "<group>";
		};
		34F8882314E46424007F7498 /* Products */ = {
			isa = PBXGroup;
			children = (
				34F8882214E46424007F7498 /* StreetFoo for iOS.app */,
			);
			name = Products;
			sourceTree = "<group>";
		};
		34F8882514E46424007F7498 /* Frameworks */ = {
			isa = PBXGroup;
			children = (
				34F8882614E46424007F7498 /* Foundation.framework */,
				34F8882814E46424007F7498 /* UIKit.framework */,
				34F8882A14E46424007F7498 /* CoreGraphics.framework */,
				34F8882C14E46424007F7498 /* AddressBook.framework */,
				34F8882E14E46424007F7498 /* AddressBookUI.framework */,
				34F8883014E46424007F7498 /* AudioToolbox.framework */,
				34F8883214E46424007F7498 /* AVFoundation.framework */,
				34F8883414E46424007F7498 /* CoreLocation.framework */,
				34F8883614E46424007F7498 /* MediaPlayer.framework */,
				34F8883814E46424007F7498 /* QuartzCore.framework */,
				34F8883A14E46424007F7498 /* SystemConfiguration.framework */,
				34F8883C14E46424007F7498 /* MobileCoreServices.framework */,
				34F8883E14E46424007F7498 /* CoreMedia.framework */,
			);
			name = Frameworks;
			sourceTree = "<group>";
		};
		34F8884014E46424007F7498 /* StreetFoo for iOS */ = {
			isa = PBXGroup;
			children = (
				34F8884914E46424007F7498 /* PhoneGap.framework */,
				34F8884B14E46424007F7498 /* Resources */,
				34F8886414E46424007F7498 /* Classes */,
				34F8886D14E46424007F7498 /* Plugins */,
				34F8884114E46424007F7498 /* Supporting Files */,
			);
			path = "StreetFoo for iOS";
			sourceTree = "<group>";
		};
		34F8884114E46424007F7498 /* Supporting Files */ = {
			isa = PBXGroup;
			children = (
				34F8884214E46424007F7498 /* StreetFoo for iOS-Info.plist */,
				34F8884314E46424007F7498 /* InfoPlist.strings */,
				34F8884614E46424007F7498 /* main.m */,
				34F8884814E46424007F7498 /* StreetFoo for iOS-Prefix.pch */,
				34F8886214E46424007F7498 /* PhoneGap.plist */,
				34F8886B14E46424007F7498 /* MainViewController.xib */,
			);
			name = "Supporting Files";
			sourceTree = "<group>";
		};
		34F8884B14E46424007F7498 /* Resources */ = {
			isa = PBXGroup;
			children = (
				34F8886014E46424007F7498 /* Capture.bundle */,
				34F8884C14E46424007F7498 /* en.lproj */,
				34F8885014E46424007F7498 /* es.lproj */,
				34F8885414E46424007F7498 /* icons */,
				34F8885B14E46424007F7498 /* splash */,
			);
			name = Resources;
			sourceTree = "<group>";
		};
		34F8884C14E46424007F7498 /* en.lproj */ = {
			isa = PBXGroup;
			children = (
				34F8884D14E46424007F7498 /* Localizable.strings */,
			);
			name = en.lproj;
			sourceTree = "<group>";
		};
		34F8885014E46424007F7498 /* es.lproj */ = {
			isa = PBXGroup;
			children = (
				34F8885114E46424007F7498 /* Localizable.strings */,
			);
			name = es.lproj;
			sourceTree = "<group>";
		};
		34F8885414E46424007F7498 /* icons */ = {
			isa = PBXGroup;
			children = (
				34F8885514E46424007F7498 /* icon.png */,
				34F8885714E46424007F7498 /* icon@2x.png */,
				34F8885914E46424007F7498 /* icon-72.png */,
			);
			name = icons;
			sourceTree = "<group>";
		};
		34F8885B14E46424007F7498 /* splash */ = {
			isa = PBXGroup;
			children = (
				34F8885C14E46424007F7498 /* Default.png */,
				34F8885E14E46424007F7498 /* Default@2x.png */,
			);
			name = splash;
			sourceTree = "<group>";
		};
		34F8886414E46424007F7498 /* Classes */ = {
			isa = PBXGroup;
			children = (
				34F8886514E46424007F7498 /* AppDelegate.h */,
				34F8886614E46424007F7498 /* AppDelegate.m */,
				34F8886814E46424007F7498 /* MainViewController.h */,
				34F8886914E46424007F7498 /* MainViewController.m */,
			);
			name = Classes;
			sourceTree = "<group>";
		};
		34F8886D14E46424007F7498 /* Plugins */ = {
			isa = PBXGroup;
			children = (
				34F8886E14E46424007F7498 /* README */,
			);
			name = Plugins;
			sourceTree = "<group>";
		};
/* End PBXGroup section */

/* Begin PBXNativeTarget section */
		34F8882114E46424007F7498 /* StreetFoo for iOS */ = {
			isa = PBXNativeTarget;
			buildConfigurationList = 34F8887114E46424007F7498 /* Build configuration list for PBXNativeTarget "StreetFoo for iOS" */;
			buildPhases = (
				34F8881B14E46424007F7498 /* Sources */,
				34F8881C14E46424007F7498 /* Frameworks */,
				34F8881D14E46424007F7498 /* Resources */,
				34F8881E14E46424007F7498 /* Sources */,
				34F8881F14E46424007F7498 /* Frameworks */,
				34F8882014E46424007F7498 /* ShellScript */,
			);
			buildRules = (
			);
			dependencies = (
			);
			name = "StreetFoo for iOS";
			productName = "StreetFoo for iOS";
			productReference = 34F8882214E46424007F7498 /* StreetFoo for iOS.app */;
			productType = "com.apple.product-type.application";
		};
/* End PBXNativeTarget section */

/* Begin PBXProject section */
		34F8881614E46424007F7498 /* Project object */ = {
			isa = PBXProject;
			attributes = {
				LastUpgradeCheck = 0420;
				ORGANIZATIONNAME = "AMX Software Ltd";
			};
			buildConfigurationList = 34F8881914E46424007F7498 /* Build configuration list for PBXProject "StreetFoo for iOS" */;
			compatibilityVersion = "Xcode 3.2";
			developmentRegion = English;
			hasScannedForEncodings = 0;
			knownRegions = (
				en,
				es,
			);
			mainGroup = 34F8881414E46424007F7498;
			productRefGroup = 34F8882314E46424007F7498 /* Products */;
			projectDirPath = "";
			projectRoot = "";
			targets = (
				34F8882114E46424007F7498 /* StreetFoo for iOS */,
			);
		};
/* End PBXProject section */

/* Begin PBXResourcesBuildPhase section */
		34F8881D14E46424007F7498 /* Resources */ = {
			isa = PBXResourcesBuildPhase;
			buildActionMask = 2147483647;
			files = (
				34F8884514E46424007F7498 /* InfoPlist.strings in Resources */,
				34F8884F14E46424007F7498 /* Localizable.strings in Resources */,
				34F8885314E46424007F7498 /* Localizable.strings in Resources */,
				34F8885614E46424007F7498 /* icon.png in Resources */,
				34F8885814E46424007F7498 /* icon@2x.png in Resources */,
				34F8885A14E46424007F7498 /* icon-72.png in Resources */,
				34F8885D14E46424007F7498 /* Default.png in Resources */,
				34F8885F14E46424007F7498 /* Default@2x.png in Resources */,
				34F8886114E46424007F7498 /* Capture.bundle in Resources */,
				34F8886314E46424007F7498 /* PhoneGap.plist in Resources */,
				34F8886C14E46424007F7498 /* MainViewController.xib in Resources */,
				34F8887514E4643C007F7498 /* www in Resources */,
			);
			runOnlyForDeploymentPostprocessing = 0;
		};
/* End PBXResourcesBuildPhase section */

/* Begin PBXShellScriptBuildPhase section */
		34F8882014E46424007F7498 /* ShellScript */ = {
			isa = PBXShellScriptBuildPhase;
			buildActionMask = 2147483647;
			files = (
			);
			inputPaths = (
			);
			outputPaths = (
			);
			runOnlyForDeploymentPostprocessing = 0;
			shellPath = /bin/bash;
			shellScript = "\n\t\t\t\t\t\t\t\tif [ ! -d \"$PROJECT_DIR/www\" ] ; then\n\t\t\t\t\t\t\t\t\tcp -R /Users/Shared/PhoneGap/Frameworks/PhoneGap.framework/www \"$PROJECT_DIR\"\n\t\t\t\t\t\t\t\tfi\n\t\t\t\t\t\t\t\t# detect www folder reference in project, if missing, print warning\n\t\t\t\t\t\t\t\tgrep \"{isa = PBXFileReference; lastKnownFileType = folder; path = www; sourceTree = \\\"<group>\\\"; };\" \"$PROJECT_DIR/$PROJECT_NAME.xcodeproj/project.pbxproj\"\n\t\t\t\t\t\t\t\trc=$? \n\t\t\t\t\t\t\t\tif [ $rc != 0 ] ; then\n\t\t\t\t\t\t\t\techo -e \"warning: Missing - Add $PROJECT_DIR/www as a folder reference in your project. Just drag and drop the folder into your project, into the Project Navigator of Xcode 4. Make sure you select the second radio-button: 'Create folder references for any added folders' (which will create a blue folder)\" 1>&2\n\t\t\t\t\t\t\t\tfi\t\t\t\t\t\t\t";
		};
/* End PBXShellScriptBuildPhase section */

/* Begin PBXSourcesBuildPhase section */
		34F8881B14E46424007F7498 /* Sources */ = {
			isa = PBXSourcesBuildPhase;
			buildActionMask = 2147483647;
			files = (
				34F8884714E46424007F7498 /* main.m in Sources */,
				34F8886714E46424007F7498 /* AppDelegate.m in Sources */,
				34F8886A14E46424007F7498 /* MainViewController.m in Sources */,
			);
			runOnlyForDeploymentPostprocessing = 0;
		};
		34F8881E14E46424007F7498 /* Sources */ = {
			isa = PBXSourcesBuildPhase;
			buildActionMask = 2147483647;
			files = (
			);
			runOnlyForDeploymentPostprocessing = 0;
		};
/* End PBXSourcesBuildPhase section */

/* Begin PBXVariantGroup section */
		34F8884314E46424007F7498 /* InfoPlist.strings */ = {
			isa = PBXVariantGroup;
			children = (
				34F8884414E46424007F7498 /* en */,
			);
			name = InfoPlist.strings;
			sourceTree = "<group>";
		};
		34F8884D14E46424007F7498 /* Localizable.strings */ = {
			isa = PBXVariantGroup;
			children = (
				34F8884E14E46424007F7498 /* en */,
			);
			name = Localizable.strings;
			sourceTree = "<group>";
		};
		34F8885114E46424007F7498 /* Localizable.strings */ = {
			isa = PBXVariantGroup;
			children = (
				34F8885214E46424007F7498 /* es */,
			);
			name = Localizable.strings;
			sourceTree = "<group>";
		};
/* End PBXVariantGroup section */

/* Begin XCBuildConfiguration section */
		3426E90514E9009E00955425 /* Ad Hoc */ = {
			isa = XCBuildConfiguration;
			buildSettings = {
				ALWAYS_SEARCH_USER_PATHS = NO;
				ARCHS = "$(ARCHS_STANDARD_32_BIT)";
				CLANG_ENABLE_OBJC_ARC = YES;
				"CODE_SIGN_IDENTITY[sdk=iphoneos*]" = "iPhone Developer";
				COPY_PHASE_STRIP = YES;
				GCC_C_LANGUAGE_STANDARD = gnu99;
				GCC_VERSION = com.apple.compilers.llvmgcc42;
				GCC_WARN_ABOUT_MISSING_PROTOTYPES = YES;
				GCC_WARN_ABOUT_RETURN_TYPE = YES;
				GCC_WARN_UNUSED_VARIABLE = YES;
				IPHONEOS_DEPLOYMENT_TARGET = 3.0;
				SDKROOT = iphoneos;
				VALIDATE_PRODUCT = YES;
			};
			name = "Ad Hoc";
		};
		3426E90614E9009E00955425 /* Ad Hoc */ = {
			isa = XCBuildConfiguration;
			buildSettings = {
				ALWAYS_SEARCH_USER_PATHS = YES;
				COPY_PHASE_STRIP = YES;
				DEBUG_INFORMATION_FORMAT = "dwarf-with-dsym";
				FRAMEWORK_SEARCH_PATHS = /Users/Shared/PhoneGap/Frameworks;
				GCC_PRECOMPILE_PREFIX_HEADER = YES;
				GCC_PREFIX_HEADER = "StreetFoo for iOS/StreetFoo for iOS-Prefix.pch";
				GCC_PREPROCESSOR_DEFINITIONS = "PHONEGAP_FRAMEWORK=YES";
				INFOPLIST_FILE = "StreetFoo for iOS/StreetFoo for iOS-Info.plist";
				OTHER_LDFLAGS = (
					"-weak_framework",
					UIKit,
					"-weak_framework",
					AVFoundation,
					"-weak_framework",
					CoreMedia,
					"-weak_library",
					/usr/lib/libSystem.B.dylib,
				);
				PRODUCT_NAME = "$(TARGET_NAME)";
				TARGETED_DEVICE_FAMILY = "1,2";
				VALIDATE_PRODUCT = YES;
				WRAPPER_EXTENSION = app;
			};
			name = "Ad Hoc";
		};
		34F8886F14E46424007F7498 /* Debug */ = {
			isa = XCBuildConfiguration;
			buildSettings = {
				ALWAYS_SEARCH_USER_PATHS = NO;
				ARCHS = "$(ARCHS_STANDARD_32_BIT)";
				CLANG_ENABLE_OBJC_ARC = YES;
				"CODE_SIGN_IDENTITY[sdk=iphoneos*]" = "iPhone Developer";
				COPY_PHASE_STRIP = NO;
				GCC_C_LANGUAGE_STANDARD = gnu99;
				GCC_DYNAMIC_NO_PIC = NO;
				GCC_OPTIMIZATION_LEVEL = 0;
				GCC_PREPROCESSOR_DEFINITIONS = (
					"DEBUG=1",
					"$(inherited)",
				);
				GCC_SYMBOLS_PRIVATE_EXTERN = NO;
				GCC_VERSION = com.apple.compilers.llvmgcc42;
				GCC_WARN_ABOUT_MISSING_PROTOTYPES = YES;
				GCC_WARN_ABOUT_RETURN_TYPE = YES;
				GCC_WARN_UNUSED_VARIABLE = YES;
				IPHONEOS_DEPLOYMENT_TARGET = 3.0;
				SDKROOT = iphoneos;
			};
			name = Debug;
		};
		34F8887014E46424007F7498 /* Release */ = {
			isa = XCBuildConfiguration;
			buildSettings = {
				ALWAYS_SEARCH_USER_PATHS = NO;
				ARCHS = "$(ARCHS_STANDARD_32_BIT)";
				CLANG_ENABLE_OBJC_ARC = YES;
				"CODE_SIGN_IDENTITY[sdk=iphoneos*]" = "iPhone Developer";
				COPY_PHASE_STRIP = YES;
				GCC_C_LANGUAGE_STANDARD = gnu99;
				GCC_VERSION = com.apple.compilers.llvmgcc42;
				GCC_WARN_ABOUT_MISSING_PROTOTYPES = YES;
				GCC_WARN_ABOUT_RETURN_TYPE = YES;
				GCC_WARN_UNUSED_VARIABLE = YES;
				IPHONEOS_DEPLOYMENT_TARGET = 3.0;
				SDKROOT = iphoneos;
				VALIDATE_PRODUCT = YES;
			};
			name = Release;
		};
		34F8887214E46424007F7498 /* Debug */ = {
			isa = XCBuildConfiguration;
			buildSettings = {
				ALWAYS_SEARCH_USER_PATHS = YES;
				COPY_PHASE_STRIP = NO;
				FRAMEWORK_SEARCH_PATHS = /Users/Shared/PhoneGap/Frameworks;
				GCC_DYNAMIC_NO_PIC = NO;
				GCC_PRECOMPILE_PREFIX_HEADER = YES;
				GCC_PREFIX_HEADER = "StreetFoo for iOS/StreetFoo for iOS-Prefix.pch";
				GCC_PREPROCESSOR_DEFINITIONS = "PHONEGAP_FRAMEWORK=YES";
				INFOPLIST_FILE = "StreetFoo for iOS/StreetFoo for iOS-Info.plist";
				OTHER_LDFLAGS = (
					"-weak_framework",
					UIKit,
					"-weak_framework",
					AVFoundation,
					"-weak_framework",
					CoreMedia,
					"-weak_library",
					/usr/lib/libSystem.B.dylib,
				);
				PRODUCT_NAME = "$(TARGET_NAME)";
				TARGETED_DEVICE_FAMILY = "1,2";
				WRAPPER_EXTENSION = app;
			};
			name = Debug;
		};
		34F8887314E46424007F7498 /* Release */ = {
			isa = XCBuildConfiguration;
			buildSettings = {
				ALWAYS_SEARCH_USER_PATHS = YES;
				COPY_PHASE_STRIP = YES;
				DEBUG_INFORMATION_FORMAT = "dwarf-with-dsym";
				FRAMEWORK_SEARCH_PATHS = /Users/Shared/PhoneGap/Frameworks;
				GCC_PRECOMPILE_PREFIX_HEADER = YES;
				GCC_PREFIX_HEADER = "StreetFoo for iOS/StreetFoo for iOS-Prefix.pch";
				GCC_PREPROCESSOR_DEFINITIONS = "PHONEGAP_FRAMEWORK=YES";
				INFOPLIST_FILE = "StreetFoo for iOS/StreetFoo for iOS-Info.plist";
				OTHER_LDFLAGS = (
					"-weak_framework",
					UIKit,
					"-weak_framework",
					AVFoundation,
					"-weak_framework",
					CoreMedia,
					"-weak_library",
					/usr/lib/libSystem.B.dylib,
				);
				PRODUCT_NAME = "$(TARGET_NAME)";
				TARGETED_DEVICE_FAMILY = "1,2";
				VALIDATE_PRODUCT = YES;
				WRAPPER_EXTENSION = app;
			};
			name = Release;
		};
/* End XCBuildConfiguration section */

/* Begin XCConfigurationList section */
		34F8881914E46424007F7498 /* Build configuration list for PBXProject "StreetFoo for iOS" */ = {
			isa = XCConfigurationList;
			buildConfigurations = (
				34F8886F14E46424007F7498 /* Debug */,
				34F8887014E46424007F7498 /* Release */,
				3426E90514E9009E00955425 /* Ad Hoc */,
			);
			defaultConfigurationIsVisible = 0;
			defaultConfigurationName = Release;
		};
		34F8887114E46424007F7498 /* Build configuration list for PBXNativeTarget "StreetFoo for iOS" */ = {
			isa = XCConfigurationList;
			buildConfigurations = (
				34F8887214E46424007F7498 /* Debug */,
				34F8887314E46424007F7498 /* Release */,
				3426E90614E9009E00955425 /* Ad Hoc */,
			);
			defaultConfigurationIsVisible = 0;
			defaultConfigurationName = Release;
		};
/* End XCConfigurationList section */
	};
	rootObject = 34F8881614E46424007F7498 /* Project object */;
}
